
Microsoft Visual Studio Solution File, Format Version 12.00
# Visual Studio Version 16
VisualStudioVersion = 16.0.29411.108
MinimumVisualStudioVersion = 10.0.40219.1
Project("{9A19103F-16F7-4668-BE54-9A1E7A4F7556}") = "LobbyApi", "LobbyApi\LobbyApi.csproj", "{684D110F-210B-46C2-8912-1E380B3AED88}"
EndProject
Project("{FAE04EC0-301F-11D3-BF4B-00C04F79EFBC}") = "LobbyUI", "LobbyUI\LobbyUI.csproj", "{F5C13F42-74ED-4E00-A6ED-23C73B44B9B9}"
EndProject
Global
	GlobalSection(SolutionConfigurationPlatforms) = preSolution
		Debug|Any CPU = Debug|Any CPU
		Release|Any CPU = Release|Any CPU
	EndGlobalSection
	GlobalSection(ProjectConfigurationPlatforms) = postSolution
		{684D110F-210B-46C2-8912-1E380B3AED88}.Debug|Any CPU.ActiveCfg = Debug|Any CPU
		{684D110F-210B-46C2-8912-1E380B3AED88}.Debug|Any CPU.Build.0 = Debug|Any CPU
		{684D110F-210B-46C2-8912-1E380B3AED88}.Release|Any CPU.ActiveCfg = Release|Any CPU
		{684D110F-210B-46C2-8912-1E380B3AED88}.Release|Any CPU.Build.0 = Release|Any CPU
		{F5C13F42-74ED-4E00-A6ED-23C73B44B9B9}.Debug|Any CPU.ActiveCfg = Debug|Any CPU
		{F5C13F42-74ED-4E00-A6ED-23C73B44B9B9}.Debug|Any CPU.Build.0 = Debug|Any CPU
		{F5C13F42-74ED-4E00-A6ED-23C73B44B9B9}.Release|Any CPU.ActiveCfg = Release|Any CPU
		{F5C13F42-74ED-4E00-A6ED-23C73B44B9B9}.Release|Any CPU.Build.0 = Release|Any CPU
	EndGlobalSection
	GlobalSection(SolutionProperties) = preSolution
		HideSolutionNode = FALSE
	EndGlobalSection
	GlobalSection(ExtensibilityGlobals) = postSolution
		SolutionGuid = {7BF57750-AE44-49A2-8E87-A23A696E1C57}
	EndGlobalSection
EndGlobal
